// !$*UTF8*$!
{
	archiveVersion = 1;
	classes = {
	};
	objectVersion = 56;
	objects = {

/* Begin PBXBuildFile section */
		699283A429B635800074C36E /* AppDelegate.swift in Sources */ = {isa = PBXBuildFile; fileRef = 699283A329B635800074C36E /* AppDelegate.swift */; };
		699283A629B635800074C36E /* SceneDelegate.swift in Sources */ = {isa = PBXBuildFile; fileRef = 699283A529B635800074C36E /* SceneDelegate.swift */; };
		699283A829B635800074C36E /* ViewController.swift in Sources */ = {isa = PBXBuildFile; fileRef = 699283A729B635800074C36E /* ViewController.swift */; };
		699283AB29B635800074C36E /* Main.storyboard in Resources */ = {isa = PBXBuildFile; fileRef = 699283A929B635800074C36E /* Main.storyboard */; };
		699283AD29B635800074C36E /* Assets.xcassets in Resources */ = {isa = PBXBuildFile; fileRef = 699283AC29B635800074C36E /* Assets.xcassets */; };
		699283B029B635800074C36E /* LaunchScreen.storyboard in Resources */ = {isa = PBXBuildFile; fileRef = 699283AE29B635800074C36E /* LaunchScreen.storyboard */; };
/* End PBXBuildFile section */

/* Begin PBXContainerItemProxy section */
		699283B729B635810074C36E /* PBXContainerItemProxy */ = {
			isa = PBXContainerItemProxy;
			containerPortal = 6992839829B635800074C36E /* Project object */;
			proxyType = 1;
			remoteGlobalIDString = 6992839F29B635800074C36E;
			remoteInfo = URLSessionTest;
		};
		699283C129B635810074C36E /* PBXContainerItemProxy */ = {
			isa = PBXContainerItemProxy;
			containerPortal = 6992839829B635800074C36E /* Project object */;
			proxyType = 1;
			remoteGlobalIDString = 6992839F29B635800074C36E;
			remoteInfo = URLSessionTest;
		};
/* End PBXContainerItemProxy section */

/* Begin PBXFileReference section */
		699283A029B635800074C36E /* URLSessionTest.app */ = {isa = PBXFileReference; explicitFileType = wrapper.application; includeInIndex = 0; path = URLSessionTest.app; sourceTree = BUILT_PRODUCTS_DIR; };
		699283A329B635800074C36E /* AppDelegate.swift */ = {isa = PBXFileReference; lastKnownFileType = sourcecode.swift; path = AppDelegate.swift; sourceTree = "<group>"; };
		699283A529B635800074C36E /* SceneDelegate.swift */ = {isa = PBXFileReference; lastKnownFileType = sourcecode.swift; path = SceneDelegate.swift; sourceTree = "<group>"; };
		699283A729B635800074C36E /* ViewController.swift */ = {isa = PBXFileReference; lastKnownFileType = sourcecode.swift; path = ViewController.swift; sourceTree = "<group>"; };
		699283AA29B635800074C36E /* Base */ = {isa = PBXFileReference; lastKnownFileType = file.storyboard; name = Base; path = Base.lproj/Main.storyboard; sourceTree = "<group>"; };
		699283AC29B635800074C36E /* Assets.xcassets */ = {isa = PBXFileReference; lastKnownFileType = folder.assetcatalog; path = Assets.xcassets; sourceTree = "<group>"; };
		699283AF29B635800074C36E /* Base */ = {isa = PBXFileReference; lastKnownFileType = file.storyboard; name = Base; path = Base.lproj/LaunchScreen.storyboard; sourceTree = "<group>"; };
		699283B129B635800074C36E /* Info.plist */ = {isa = PBXFileReference; lastKnownFileType = text.plist.xml; path = Info.plist; sourceTree = "<group>"; };
		699283B629B635810074C36E /* URLSessionTestTests.xctest */ = {isa = PBXFileReference; explicitFileType = wrapper.cfbundle; includeInIndex = 0; path = URLSessionTestTests.xctest; sourceTree = BUILT_PRODUCTS_DIR; };
		699283C029B635810074C36E /* URLSessionTestUITests.xctest */ = {isa = PBXFileReference; explicitFileType = wrapper.cfbundle; includeInIndex = 0; path = URLSessionTestUITests.xctest; sourceTree = BUILT_PRODUCTS_DIR; };
/* End PBXFileReference section */

/* Begin PBXFrameworksBuildPhase section */
		6992839D29B635800074C36E /* Frameworks */ = {
			isa = PBXFrameworksBuildPhase;
			buildActionMask = 2147483647;
			files = (
			);
			runOnlyForDeploymentPostprocessing = 0;
		};
		699283B329B635810074C36E /* Frameworks */ = {
			isa = PBXFrameworksBuildPhase;
			buildActionMask = 2147483647;
			files = (
			);
			runOnlyForDeploymentPostprocessing = 0;
		};
		699283BD29B635810074C36E /* Frameworks */ = {
			isa = PBXFrameworksBuildPhase;
			buildActionMask = 2147483647;
			files = (
			);
			runOnlyForDeploymentPostprocessing = 0;
		};
/* End PBXFrameworksBuildPhase section */

/* Begin PBXGroup section */
		6992839729B635800074C36E = {
			isa = PBXGroup;
			children = (
				699283A229B635800074C36E /* URLSessionTest */,
				699283A129B635800074C36E /* Products */,
			);
			sourceTree = "<group>";
		};
		699283A129B635800074C36E /* Products */ = {
			isa = PBXGroup;
			children = (
				699283A029B635800074C36E /* URLSessionTest.app */,
				699283B629B635810074C36E /* URLSessionTestTests.xctest */,
				699283C029B635810074C36E /* URLSessionTestUITests.xctest */,
			);
			name = Products;
			sourceTree = "<group>";
		};
		699283A229B635800074C36E /* URLSessionTest */ = {
			isa = PBXGroup;
			children = (
				699283A329B635800074C36E /* AppDelegate.swift */,
				699283A529B635800074C36E /* SceneDelegate.swift */,
				699283A729B635800074C36E /* ViewController.swift */,
				699283A929B635800074C36E /* Main.storyboard */,
				699283AC29B635800074C36E /* Assets.xcassets */,
				699283AE29B635800074C36E /* LaunchScreen.storyboard */,
				699283B129B635800074C36E /* Info.plist */,
			);
			path = URLSessionTest;
			sourceTree = "<group>";
		};
/* End PBXGroup section */

/* Begin PBXNativeTarget section */
		6992839F29B635800074C36E /* URLSessionTest */ = {
			isa = PBXNativeTarget;
			buildConfigurationList = 699283CA29B635810074C36E /* Build configuration list for PBXNativeTarget "URLSessionTest" */;
			buildPhases = (
				6992839C29B635800074C36E /* Sources */,
				6992839D29B635800074C36E /* Frameworks */,
				6992839E29B635800074C36E /* Resources */,
			);
			buildRules = (
			);
			dependencies = (
			);
			name = URLSessionTest;
			productName = URLSessionTest;
			productReference = 699283A029B635800074C36E /* URLSessionTest.app */;
			productType = "com.apple.product-type.application";
		};
		699283B529B635810074C36E /* URLSessionTestTests */ = {
			isa = PBXNativeTarget;
			buildConfigurationList = 699283CD29B635810074C36E /* Build configuration list for PBXNativeTarget "URLSessionTestTests" */;
			buildPhases = (
				699283B229B635810074C36E /* Sources */,
				699283B329B635810074C36E /* Frameworks */,
				699283B429B635810074C36E /* Resources */,
			);
			buildRules = (
			);
			dependencies = (
				699283B829B635810074C36E /* PBXTargetDependency */,
			);
			name = URLSessionTestTests;
			productName = URLSessionTestTests;
			productReference = 699283B629B635810074C36E /* URLSessionTestTests.xctest */;
			productType = "com.apple.product-type.bundle.unit-test";
		};
		699283BF29B635810074C36E /* URLSessionTestUITests */ = {
			isa = PBXNativeTarget;
			buildConfigurationList = 699283D029B635810074C36E /* Build configuration list for PBXNativeTarget "URLSessionTestUITests" */;
			buildPhases = (
				699283BC29B635810074C36E /* Sources */,
				699283BD29B635810074C36E /* Frameworks */,
				699283BE29B635810074C36E /* Resources */,
			);
			buildRules = (
			);
			dependencies = (
				699283C229B635810074C36E /* PBXTargetDependency */,
			);
			name = URLSessionTestUITests;
			productName = URLSessionTestUITests;
			productReference = 699283C029B635810074C36E /* URLSessionTestUITests.xctest */;
			productType = "com.apple.product-type.bundle.ui-testing";
		};
/* End PBXNativeTarget section */

/* Begin PBXProject section */
		6992839829B635800074C36E /* Project object */ = {
			isa = PBXProject;
			attributes = {
				BuildIndependentTargetsInParallel = 1;
				LastSwiftUpdateCheck = 1420;
				LastUpgradeCheck = 1420;
				TargetAttributes = {
					6992839F29B635800074C36E = {
						CreatedOnToolsVersion = 14.2;
					};
					699283B529B635810074C36E = {
						CreatedOnToolsVersion = 14.2;
						TestTargetID = 6992839F29B635800074C36E;
					};
					699283BF29B635810074C36E = {
						CreatedOnToolsVersion = 14.2;
						TestTargetID = 6992839F29B635800074C36E;
					};
				};
			};
			buildConfigurationList = 6992839B29B635800074C36E /* Build configuration list for PBXProject "URLSessionTest" */;
			compatibilityVersion = "Xcode 14.0";
			developmentRegion = en;
			hasScannedForEncodings = 0;
			knownRegions = (
				en,
				Base,
			);
			mainGroup = 6992839729B635800074C36E;
			productRefGroup = 699283A129B635800074C36E /* Products */;
			projectDirPath = "";
			projectRoot = "";
			targets = (
				6992839F29B635800074C36E /* URLSessionTest */,
				699283B529B635810074C36E /* URLSessionTestTests */,
				699283BF29B635810074C36E /* URLSessionTestUITests */,
			);
		};
/* End PBXProject section */

/* Begin PBXResourcesBuildPhase section */
		6992839E29B635800074C36E /* Resources */ = {
			isa = PBXResourcesBuildPhase;
			buildActionMask = 2147483647;
			files = (
				699283B029B635800074C36E /* LaunchScreen.storyboard in Resources */,
				699283AD29B635800074C36E /* Assets.xcassets in Resources */,
				699283AB29B635800074C36E /* Main.storyboard in Resources */,
			);
			runOnlyForDeploymentPostprocessing = 0;
		};
		699283B429B635810074C36E /* Resources */ = {
			isa = PBXResourcesBuildPhase;
			buildActionMask = 2147483647;
			files = (
			);
			runOnlyForDeploymentPostprocessing = 0;
		};
		699283BE29B635810074C36E /* Resources */ = {
			isa = PBXResourcesBuildPhase;
			buildActionMask = 2147483647;
			files = (
			);
			runOnlyForDeploymentPostprocessing = 0;
		};
/* End PBXResourcesBuildPhase section */

/* Begin PBXSourcesBuildPhase section */
		6992839C29B635800074C36E /* Sources */ = {
			isa = PBXSourcesBuildPhase;
			buildActionMask = 2147483647;
			files = (
				699283A829B635800074C36E /* ViewController.swift in Sources */,
				699283A429B635800074C36E /* AppDelegate.swift in Sources */,
				699283A629B635800074C36E /* SceneDelegate.swift in Sources */,
			);
			runOnlyForDeploymentPostprocessing = 0;
		};
		699283B229B635810074C36E /* Sources */ = {
			isa = PBXSourcesBuildPhase;
			buildActionMask = 2147483647;
			files = (
			);
			runOnlyForDeploymentPostprocessing = 0;
		};
		699283BC29B635810074C36E /* Sources */ = {
			isa = PBXSourcesBuildPhase;
			buildActionMask = 2147483647;
			files = (
			);
			runOnlyForDeploymentPostprocessing = 0;
		};
/* End PBXSourcesBuildPhase section */

/* Begin PBXTargetDependency section */
		699283B829B635810074C36E /* PBXTargetDependency */ = {
			isa = PBXTargetDependency;
			target = 6992839F29B635800074C36E /* URLSessionTest */;
			targetProxy = 699283B729B635810074C36E /* PBXContainerItemProxy */;
		};
		699283C229B635810074C36E /* PBXTargetDependency */ = {
			isa = PBXTargetDependency;
			target = 6992839F29B635800074C36E /* URLSessionTest */;
			targetProxy = 699283C129B635810074C36E /* PBXContainerItemProxy */;
		};
/* End PBXTargetDependency section */

/* Begin PBXVariantGroup section */
		699283A929B635800074C36E /* Main.storyboard */ = {
			isa = PBXVariantGroup;
			children = (
				699283AA29B635800074C36E /* Base */,
			);
			name = Main.storyboard;
			sourceTree = "<group>";
		};
		699283AE29B635800074C36E /* LaunchScreen.storyboard */ = {
			isa = PBXVariantGroup;
			children = (
				699283AF29B635800074C36E /* Base */,
			);
			name = LaunchScreen.storyboard;
			sourceTree = "<group>";
		};
/* End PBXVariantGroup section */

/* Begin XCBuildConfiguration section */
		699283C829B635810074C36E /* Debug */ = {
			isa = XCBuildConfiguration;
			buildSettings = {
				ALWAYS_SEARCH_USER_PATHS = NO;
				CLANG_ANALYZER_NONNULL = YES;
				CLANG_ANALYZER_NUMBER_OBJECT_CONVERSION = YES_AGGRESSIVE;
				CLANG_CXX_LANGUAGE_STANDARD = "gnu++20";
				CLANG_ENABLE_MODULES = YES;
				CLANG_ENABLE_OBJC_ARC = YES;
				CLANG_ENABLE_OBJC_WEAK = YES;
				CLANG_WARN_BLOCK_CAPTURE_AUTORELEASING = YES;
				CLANG_WARN_BOOL_CONVERSION = YES;
				CLANG_WARN_COMMA = YES;
				CLANG_WARN_CONSTANT_CONVERSION = YES;
				CLANG_WARN_DEPRECATED_OBJC_IMPLEMENTATIONS = YES;
				CLANG_WARN_DIRECT_OBJC_ISA_USAGE = YES_ERROR;
				CLANG_WARN_DOCUMENTATION_COMMENTS = YES;
				CLANG_WARN_EMPTY_BODY = YES;
				CLANG_WARN_ENUM_CONVERSION = YES;
				CLANG_WARN_INFINITE_RECURSION = YES;
				CLANG_WARN_INT_CONVERSION = YES;
				CLANG_WARN_NON_LITERAL_NULL_CONVERSION = YES;
				CLANG_WARN_OBJC_IMPLICIT_RETAIN_SELF = YES;
				CLANG_WARN_OBJC_LITERAL_CONVERSION = YES;
				CLANG_WARN_OBJC_ROOT_CLASS = YES_ERROR;
				CLANG_WARN_QUOTED_INCLUDE_IN_FRAMEWORK_HEADER = YES;
				CLANG_WARN_RANGE_LOOP_ANALYSIS = YES;
				CLANG_WARN_STRICT_PROTOTYPES = YES;
				CLANG_WARN_SUSPICIOUS_MOVE = YES;
				CLANG_WARN_UNGUARDED_AVAILABILITY = YES_AGGRESSIVE;
				CLANG_WARN_UNREACHABLE_CODE = YES;
				CLANG_WARN__DUPLICATE_METHOD_MATCH = YES;
				COPY_PHASE_STRIP = NO;
				DEBUG_INFORMATION_FORMAT = dwarf;
				ENABLE_STRICT_OBJC_MSGSEND = YES;
				ENABLE_TESTABILITY = YES;
				GCC_C_LANGUAGE_STANDARD = gnu11;
				GCC_DYNAMIC_NO_PIC = NO;
				GCC_NO_COMMON_BLOCKS = YES;
				GCC_OPTIMIZATION_LEVEL = 0;
				GCC_PREPROCESSOR_DEFINITIONS = (
					"DEBUG=1",
					"$(inherited)",
				);
				GCC_WARN_64_TO_32_BIT_CONVERSION = YES;
				GCC_WARN_ABOUT_RETURN_TYPE = YES_ERROR;
				GCC_WARN_UNDECLARED_SELECTOR = YES;
				GCC_WARN_UNINITIALIZED_AUTOS = YES_AGGRESSIVE;
				GCC_WARN_UNUSED_FUNCTION = YES;
				GCC_WARN_UNUSED_VARIABLE = YES;
				IPHONEOS_DEPLOYMENT_TARGET = 16.2;
				MTL_ENABLE_DEBUG_INFO = INCLUDE_SOURCE;
				MTL_FAST_MATH = YES;
				ONLY_ACTIVE_ARCH = YES;
				SDKROOT = iphoneos;
				SWIFT_ACTIVE_COMPILATION_CONDITIONS = DEBUG;
				SWIFT_OPTIMIZATION_LEVEL = "-Onone";
			};
			name = Debug;
		};
		699283C929B635810074C36E /* Release */ = {
			isa = XCBuildConfiguration;
			buildSettings = {
				ALWAYS_SEARCH_USER_PATHS = NO;
				CLANG_ANALYZER_NONNULL = YES;
				CLANG_ANALYZER_NUMBER_OBJECT_CONVERSION = YES_AGGRESSIVE;
				CLANG_CXX_LANGUAGE_STANDARD = "gnu++20";
				CLANG_ENABLE_MODULES = YES;
				CLANG_ENABLE_OBJC_ARC = YES;
				CLANG_ENABLE_OBJC_WEAK = YES;
				CLANG_WARN_BLOCK_CAPTURE_AUTORELEASING = YES;
				CLANG_WARN_BOOL_CONVERSION = YES;
				CLANG_WARN_COMMA = YES;
				CLANG_WARN_CONSTANT_CONVERSION = YES;
				CLANG_WARN_DEPRECATED_OBJC_IMPLEMENTATIONS = YES;
				CLANG_WARN_DIRECT_OBJC_ISA_USAGE = YES_ERROR;
				CLANG_WARN_DOCUMENTATION_COMMENTS = YES;
				CLANG_WARN_EMPTY_BODY = YES;
				CLANG_WARN_ENUM_CONVERSION = YES;
				CLANG_WARN_INFINITE_RECURSION = YES;
				CLANG_WARN_INT_CONVERSION = YES;
				CLANG_WARN_NON_LITERAL_NULL_CONVERSION = YES;
				CLANG_WARN_OBJC_IMPLICIT_RETAIN_SELF = YES;
				CLANG_WARN_OBJC_LITERAL_CONVERSION = YES;
				CLANG_WARN_OBJC_ROOT_CLASS = YES_ERROR;
				CLANG_WARN_QUOTED_INCLUDE_IN_FRAMEWORK_HEADER = YES;
				CLANG_WARN_RANGE_LOOP_ANALYSIS = YES;
				CLANG_WARN_STRICT_PROTOTYPES = YES;
				CLANG_WARN_SUSPICIOUS_MOVE = YES;
				CLANG_WARN_UNGUARDED_AVAILABILITY = YES_AGGRESSIVE;
				CLANG_WARN_UNREACHABLE_CODE = YES;
				CLANG_WARN__DUPLICATE_METHOD_MATCH = YES;
				COPY_PHASE_STRIP = NO;
				DEBUG_INFORMATION_FORMAT = "dwarf-with-dsym";
				ENABLE_NS_ASSERTIONS = NO;
				ENABLE_STRICT_OBJC_MSGSEND = YES;
				GCC_C_LANGUAGE_STANDARD = gnu11;
				GCC_NO_COMMON_BLOCKS = YES;
				GCC_WARN_64_TO_32_BIT_CONVERSION = YES;
				GCC_WARN_ABOUT_RETURN_TYPE = YES_ERROR;
				GCC_WARN_UNDECLARED_SELECTOR = YES;
				GCC_WARN_UNINITIALIZED_AUTOS = YES_AGGRESSIVE;
				GCC_WARN_UNUSED_FUNCTION = YES;
				GCC_WARN_UNUSED_VARIABLE = YES;
				IPHONEOS_DEPLOYMENT_TARGET = 16.2;
				MTL_ENABLE_DEBUG_INFO = NO;
				MTL_FAST_MATH = YES;
				SDKROOT = iphoneos;
				SWIFT_COMPILATION_MODE = wholemodule;
				SWIFT_OPTIMIZATION_LEVEL = "-O";
				VALIDATE_PRODUCT = YES;
			};
			name = Release;
		};
		699283CB29B635810074C36E /* Debug */ = {
			isa = XCBuildConfiguration;
			buildSettings = {
				ASSETCATALOG_COMPILER_APPICON_NAME = AppIcon;
				ASSETCATALOG_COMPILER_GLOBAL_ACCENT_COLOR_NAME = AccentColor;
				CODE_SIGN_STYLE = Automatic;
				CURRENT_PROJECT_VERSION = 1;
				GENERATE_INFOPLIST_FILE = YES;
				INFOPLIST_FILE = URLSessionTest/Info.plist;
				INFOPLIST_KEY_UIApplicationSupportsIndirectInputEvents = YES;
				INFOPLIST_KEY_UILaunchStoryboardName = LaunchScreen;
				INFOPLIST_KEY_UIMainStoryboardFile = Main;
				INFOPLIST_KEY_UISupportedInterfaceOrientations_iPad = "UIInterfaceOrientationPortrait UIInterfaceOrientationPortraitUpsideDown UIInterfaceOrientationLandscapeLeft UIInterfaceOrientationLandscapeRight";
				INFOPLIST_KEY_UISupportedInterfaceOrientations_iPhone = "UIInterfaceOrientationPortrait UIInterfaceOrientationLandscapeLeft UIInterfaceOrientationLandscapeRight";
				LD_RUNPATH_SEARCH_PATHS = (
					"$(inherited)",
					"@executable_path/Frameworks",
				);
				MARKETING_VERSION = 1.0;
				PRODUCT_BUNDLE_IDENTIFIER = com.sako.URLSessionTest;
				PRODUCT_NAME = "$(TARGET_NAME)";
				SWIFT_EMIT_LOC_STRINGS = YES;
				SWIFT_VERSION = 5.0;
				TARGETED_DEVICE_FAMILY = "1,2";
			};
			name = Debug;
		};
		699283CC29B635810074C36E /* Release */ = {
			isa = XCBuildConfiguration;
			buildSettings = {
				ASSETCATALOG_COMPILER_APPICON_NAME = AppIcon;
				ASSETCATALOG_COMPILER_GLOBAL_ACCENT_COLOR_NAME = AccentColor;
				CODE_SIGN_STYLE = Automatic;
				CURRENT_PROJECT_VERSION = 1;
				GENERATE_INFOPLIST_FILE = YES;
				INFOPLIST_FILE = URLSessionTest/Info.plist;
				INFOPLIST_KEY_UIApplicationSupportsIndirectInputEvents = YES;
				INFOPLIST_KEY_UILaunchStoryboardName = LaunchScreen;
				INFOPLIST_KEY_UIMainStoryboardFile = Main;
				INFOPLIST_KEY_UISupportedInterfaceOrientations_iPad = "UIInterfaceOrientationPortrait UIInterfaceOrientationPortraitUpsideDown UIInterfaceOrientationLandscapeLeft UIInterfaceOrientationLandscapeRight";
				INFOPLIST_KEY_UISupportedInterfaceOrientations_iPhone = "UIInterfaceOrientationPortrait UIInterfaceOrientationLandscapeLeft UIInterfaceOrientationLandscapeRight";
				LD_RUNPATH_SEARCH_PATHS = (
					"$(inherited)",
					"@executable_path/Frameworks",
				);
				MARKETING_VERSION = 1.0;
				PRODUCT_BUNDLE_IDENTIFIER = com.sako.URLSessionTest;
				PRODUCT_NAME = "$(TARGET_NAME)";
				SWIFT_EMIT_LOC_STRINGS = YES;
				SWIFT_VERSION = 5.0;
				TARGETED_DEVICE_FAMILY = "1,2";
			};
			name = Release;
		};
		699283CE29B635810074C36E /* Debug */ = {
			isa = XCBuildConfiguration;
			buildSettings = {
				ALWAYS_EMBED_SWIFT_STANDARD_LIBRARIES = YES;
				BUNDLE_LOADER = "$(TEST_HOST)";
				CODE_SIGN_STYLE = Automatic;
				CURRENT_PROJECT_VERSION = 1;
				GENERATE_INFOPLIST_FILE = YES;
				IPHONEOS_DEPLOYMENT_TARGET = 16.2;
				MARKETING_VERSION = 1.0;
				PRODUCT_BUNDLE_IDENTIFIER = com.sako.URLSessionTestTests;
				PRODUCT_NAME = "$(TARGET_NAME)";
				SWIFT_EMIT_LOC_STRINGS = NO;
				SWIFT_VERSION = 5.0;
				TARGETED_DEVICE_FAMILY = "1,2";
				TEST_HOST = "$(BUILT_PRODUCTS_DIR)/URLSessionTest.app/$(BUNDLE_EXECUTABLE_FOLDER_PATH)/URLSessionTest";
			};
			name = Debug;
		};
		699283CF29B635810074C36E /* Release */ = {
			isa = XCBuildConfiguration;
			buildSettings = {
				ALWAYS_EMBED_SWIFT_STANDARD_LIBRARIES = YES;
				BUNDLE_LOADER = "$(TEST_HOST)";
				CODE_SIGN_STYLE = Automatic;
				CURRENT_PROJECT_VERSION = 1;
				GENERATE_INFOPLIST_FILE = YES;
				IPHONEOS_DEPLOYMENT_TARGET = 16.2;
				MARKETING_VERSION = 1.0;
				PRODUCT_BUNDLE_IDENTIFIER = com.sako.URLSessionTestTests;
				PRODUCT_NAME = "$(TARGET_NAME)";
				SWIFT_EMIT_LOC_STRINGS = NO;
				SWIFT_VERSION = 5.0;
				TARGETED_DEVICE_FAMILY = "1,2";
				TEST_HOST = "$(BUILT_PRODUCTS_DIR)/URLSessionTest.app/$(BUNDLE_EXECUTABLE_FOLDER_PATH)/URLSessionTest";
			};
			name = Release;
		};
		699283D129B635810074C36E /* Debug */ = {
			isa = XCBuildConfiguration;
			buildSettings = {
				ALWAYS_EMBED_SWIFT_STANDARD_LIBRARIES = YES;
				CODE_SIGN_STYLE = Automatic;
				CURRENT_PROJECT_VERSION = 1;
				GENERATE_INFOPLIST_FILE = YES;
				MARKETING_VERSION = 1.0;
				PRODUCT_BUNDLE_IDENTIFIER = com.sako.URLSessionTestUITests;
				PRODUCT_NAME = "$(TARGET_NAME)";
				SWIFT_EMIT_LOC_STRINGS = NO;
				SWIFT_VERSION = 5.0;
				TARGETED_DEVICE_FAMILY = "1,2";
				TEST_TARGET_NAME = URLSessionTest;
			};
			name = Debug;
		};
		699283D229B635810074C36E /* Release */ = {
			isa = XCBuildConfiguration;
			buildSettings = {
				ALWAYS_EMBED_SWIFT_STANDARD_LIBRARIES = YES;
				CODE_SIGN_STYLE = Automatic;
				CURRENT_PROJECT_VERSION = 1;
				GENERATE_INFOPLIST_FILE = YES;
				MARKETING_VERSION = 1.0;
				PRODUCT_BUNDLE_IDENTIFIER = com.sako.URLSessionTestUITests;
				PRODUCT_NAME = "$(TARGET_NAME)";
				SWIFT_EMIT_LOC_STRINGS = NO;
				SWIFT_VERSION = 5.0;
				TARGETED_DEVICE_FAMILY = "1,2";
				TEST_TARGET_NAME = URLSessionTest;
			};
			name = Release;
		};
/* End XCBuildConfiguration section */

/* Begin XCConfigurationList section */
		6992839B29B635800074C36E /* Build configuration list for PBXProject "URLSessionTest" */ = {
			isa = XCConfigurationList;
			buildConfigurations = (
				699283C829B635810074C36E /* Debug */,
				699283C929B635810074C36E /* Release */,
			);
			defaultConfigurationIsVisible = 0;
			defaultConfigurationName = Release;
		};
		699283CA29B635810074C36E /* Build configuration list for PBXNativeTarget "URLSessionTest" */ = {
			isa = XCConfigurationList;
			buildConfigurations = (
				699283CB29B635810074C36E /* Debug */,
				699283CC29B635810074C36E /* Release */,
			);
			defaultConfigurationIsVisible = 0;
			defaultConfigurationName = Release;
		};
		699283CD29B635810074C36E /* Build configuration list for PBXNativeTarget "URLSessionTestTests" */ = {
			isa = XCConfigurationList;
			buildConfigurations = (
				699283CE29B635810074C36E /* Debug */,
				699283CF29B635810074C36E /* Release */,
			);
			defaultConfigurationIsVisible = 0;
			defaultConfigurationName = Release;
		};
		699283D029B635810074C36E /* Build configuration list for PBXNativeTarget "URLSessionTestUITests" */ = {
			isa = XCConfigurationList;
			buildConfigurations = (
				699283D129B635810074C36E /* Debug */,
				699283D229B635810074C36E /* Release */,
			);
			defaultConfigurationIsVisible = 0;
			defaultConfigurationName = Release;
		};
/* End XCConfigurationList section */
	};
	rootObject = 6992839829B635800074C36E /* Project object */;
}
